
Microsoft Visual Studio Solution File, Format Version 12.00
# Visual Studio 2013
VisualStudioVersion = 12.0.40629.0
MinimumVisualStudioVersion = 10.0.40219.1
Project("{2150E333-8FDC-42A3-9474-1A3956D46DE8}") = "Engine", "Engine", "{0BE8B58A-1A32-45C6-8C08-91A7A8F3C04C}"
EndProject
Project("{2150E333-8FDC-42A3-9474-1A3956D46DE8}") = "Games", "Games", "{72FBE4FA-42A4-48EF-9A1D-6C8081EEE0DE}"
EndProject
Project("{8BC9CEB8-8B4A-11D0-8D11-00A0C91BC942}") = "UE4", "Intermediate\ProjectFiles\UE4.vcxproj", "{EE68852D-2306-4341-9028-A30AAFE5ECF0}"
EndProject
Project("{8BC9CEB8-8B4A-11D0-8D11-00A0C91BC942}") = "POTL", "Intermediate\ProjectFiles\POTL.vcxproj", "{22EED693-1E20-4AFA-AED6-4635CE2A4B10}"
EndProject
Global
	GlobalSection(SolutionConfigurationPlatforms) = preSolution
		DebugGame Editor|Win32 = DebugGame Editor|Win32
		DebugGame Editor|Win64 = DebugGame Editor|Win64
		DebugGame|Win32 = DebugGame|Win32
		DebugGame|Win64 = DebugGame|Win64
		Development Editor|Win32 = Development Editor|Win32
		Development Editor|Win64 = Development Editor|Win64
		Development|Win32 = Development|Win32
		Development|Win64 = Development|Win64
		Shipping|Win32 = Shipping|Win32
		Shipping|Win64 = Shipping|Win64
	EndGlobalSection
	GlobalSection(ProjectConfigurationPlatforms) = postSolution
		{EE68852D-2306-4341-9028-A30AAFE5ECF0}.DebugGame Editor|Win32.ActiveCfg = BuiltWithUnrealBuildTool|Win32
		{EE68852D-2306-4341-9028-A30AAFE5ECF0}.DebugGame Editor|Win32.Build.0 = BuiltWithUnrealBuildTool|Win32
		{EE68852D-2306-4341-9028-A30AAFE5ECF0}.DebugGame Editor|Win64.ActiveCfg = BuiltWithUnrealBuildTool|Win32
		{EE68852D-2306-4341-9028-A30AAFE5ECF0}.DebugGame|Win32.ActiveCfg = BuiltWithUnrealBuildTool|Win32
		{EE68852D-2306-4341-9028-A30AAFE5ECF0}.DebugGame|Win32.Build.0 = BuiltWithUnrealBuildTool|Win32
		{EE68852D-2306-4341-9028-A30AAFE5ECF0}.DebugGame|Win64.ActiveCfg = BuiltWithUnrealBuildTool|Win32
		{EE68852D-2306-4341-9028-A30AAFE5ECF0}.Development Editor|Win32.ActiveCfg = BuiltWithUnrealBuildTool|Win32
		{EE68852D-2306-4341-9028-A30AAFE5ECF0}.Development Editor|Win32.Build.0 = BuiltWithUnrealBuildTool|Win32
		{EE68852D-2306-4341-9028-A30AAFE5ECF0}.Development Editor|Win64.ActiveCfg = BuiltWithUnrealBuildTool|Win32
		{EE68852D-2306-4341-9028-A30AAFE5ECF0}.Development|Win32.ActiveCfg = BuiltWithUnrealBuildTool|Win32
		{EE68852D-2306-4341-9028-A30AAFE5ECF0}.Development|Win32.Build.0 = BuiltWithUnrealBuildTool|Win32
		{EE68852D-2306-4341-9028-A30AAFE5ECF0}.Development|Win64.ActiveCfg = BuiltWithUnrealBuildTool|Win32
		{EE68852D-2306-4341-9028-A30AAFE5ECF0}.Shipping|Win32.ActiveCfg = BuiltWithUnrealBuildTool|Win32
		{EE68852D-2306-4341-9028-A30AAFE5ECF0}.Shipping|Win32.Build.0 = BuiltWithUnrealBuildTool|Win32
		{EE68852D-2306-4341-9028-A30AAFE5ECF0}.Shipping|Win64.ActiveCfg = BuiltWithUnrealBuildTool|Win32
		{22EED693-1E20-4AFA-AED6-4635CE2A4B10}.DebugGame Editor|Win32.ActiveCfg = DebugGame_Editor|Win32
		{22EED693-1E20-4AFA-AED6-4635CE2A4B10}.DebugGame Editor|Win32.Build.0 = DebugGame_Editor|Win32
		{22EED693-1E20-4AFA-AED6-4635CE2A4B10}.DebugGame Editor|Win64.ActiveCfg = DebugGame_Editor|x64
		{22EED693-1E20-4AFA-AED6-4635CE2A4B10}.DebugGame Editor|Win64.Build.0 = DebugGame_Editor|x64
		{22EED693-1E20-4AFA-AED6-4635CE2A4B10}.DebugGame|Win32.ActiveCfg = DebugGame_Game|Win32
		{22EED693-1E20-4AFA-AED6-4635CE2A4B10}.DebugGame|Win32.Build.0 = DebugGame_Game|Win32
		{22EED693-1E20-4AFA-AED6-4635CE2A4B10}.DebugGame|Win64.ActiveCfg = DebugGame_Game|x64
		{22EED693-1E20-4AFA-AED6-4635CE2A4B10}.DebugGame|Win64.Build.0 = DebugGame_Game|x64
		{22EED693-1E20-4AFA-AED6-4635CE2A4B10}.Development Editor|Win32.ActiveCfg = Development_Editor|Win32
		{22EED693-1E20-4AFA-AED6-4635CE2A4B10}.Development Editor|Win32.Build.0 = Development_Editor|Win32
		{22EED693-1E20-4AFA-AED6-4635CE2A4B10}.Development Editor|Win64.ActiveCfg = Development_Editor|x64
		{22EED693-1E20-4AFA-AED6-4635CE2A4B10}.Development Editor|Win64.Build.0 = Development_Editor|x64
		{22EED693-1E20-4AFA-AED6-4635CE2A4B10}.Development|Win32.ActiveCfg = Development_Game|Win32
		{22EED693-1E20-4AFA-AED6-4635CE2A4B10}.Development|Win32.Build.0 = Development_Game|Win32
		{22EED693-1E20-4AFA-AED6-4635CE2A4B10}.Development|Win64.ActiveCfg = Development_Game|x64
		{22EED693-1E20-4AFA-AED6-4635CE2A4B10}.Development|Win64.Build.0 = Development_Game|x64
		{22EED693-1E20-4AFA-AED6-4635CE2A4B10}.Shipping|Win32.ActiveCfg = Shipping_Game|Win32
		{22EED693-1E20-4AFA-AED6-4635CE2A4B10}.Shipping|Win32.Build.0 = Shipping_Game|Win32
		{22EED693-1E20-4AFA-AED6-4635CE2A4B10}.Shipping|Win64.ActiveCfg = Shipping_Game|x64
		{22EED693-1E20-4AFA-AED6-4635CE2A4B10}.Shipping|Win64.Build.0 = Shipping_Game|x64
	EndGlobalSection
	GlobalSection(SolutionProperties) = preSolution
		HideSolutionNode = FALSE
	EndGlobalSection
	GlobalSection(NestedProjects) = preSolution
		{EE68852D-2306-4341-9028-A30AAFE5ECF0} = {0BE8B58A-1A32-45C6-8C08-91A7A8F3C04C}
		{22EED693-1E20-4AFA-AED6-4635CE2A4B10} = {72FBE4FA-42A4-48EF-9A1D-6C8081EEE0DE}
	EndGlobalSection
EndGlobal
